Microsoft Visual Studio Solution File, Format Version 12.00
# Visual Studio Version 17
VisualStudioVersion = 17.5.2.0
MinimumVisualStudioVersion = 10.0.40219.1
Project("{FAE04EC0-301F-11D3-BF4B-00C04F79EFBC}") = "myFirstProject", "myFirstProject.csproj", "{C95CE48E-6704-3A83-9997-828CD4004BE0}"
EndProject
Global
	GlobalSection(SolutionConfigurationPlatforms) = preSolution
		Debug|Any CPU = Debug|Any CPU
		Release|Any CPU = Release|Any CPU
	EndGlobalSection
	GlobalSection(ProjectConfigurationPlatforms) = postSolution
		{C95CE48E-6704-3A83-9997-828CD4004BE0}.Debug|Any CPU.ActiveCfg = Debug|Any CPU
		{C95CE48E-6704-3A83-9997-828CD4004BE0}.Debug|Any CPU.Build.0 = Debug|Any CPU
		{C95CE48E-6704-3A83-9997-828CD4004BE0}.Release|Any CPU.ActiveCfg = Release|Any CPU
		{C95CE48E-6704-3A83-9997-828CD4004BE0}.Release|Any CPU.Build.0 = Release|Any CPU
	EndGlobalSection
	GlobalSection(SolutionProperties) = preSolution
		HideSolutionNode = FALSE
	EndGlobalSection
	GlobalSection(ExtensibilityGlobals) = postSolution
		SolutionGuid = {417A6A10-67CE-4983-A4AB-EF70E785C50D}
	EndGlobalSection
EndGlobal
